
Microsoft Visual Studio Solution File, Format Version 12.00
# Visual Studio 14
VisualStudioVersion = 14.0.24720.0
MinimumVisualStudioVersion = 10.0.40219.1
Project("{FAE04EC0-301F-11D3-BF4B-00C04F79EFBC}") = "OneSnip", "OneSnip\OneSnip.csproj", "{9EFC4605-310A-400E-8140-E5E4BF860027}"
EndProject
Project("{FAE04EC0-301F-11D3-BF4B-00C04F79EFBC}") = "Rtf", "RtfLibrary\Rtf.csproj", "{09090C84-84D1-4884-B30E-80B5E9D5C598}"
EndProject
Global
	GlobalSection(SolutionConfigurationPlatforms) = preSolution
		Debug|Any CPU = Debug|Any CPU
		Release|Any CPU = Release|Any CPU
	EndGlobalSection
	GlobalSection(ProjectConfigurationPlatforms) = postSolution
		{9EFC4605-310A-400E-8140-E5E4BF860027}.Debug|Any CPU.ActiveCfg = Debug|Any CPU
		{9EFC4605-310A-400E-8140-E5E4BF860027}.Debug|Any CPU.Build.0 = Debug|Any CPU
		{9EFC4605-310A-400E-8140-E5E4BF860027}.Release|Any CPU.ActiveCfg = Release|Any CPU
		{9EFC4605-310A-400E-8140-E5E4BF860027}.Release|Any CPU.Build.0 = Release|Any CPU
		{09090C84-84D1-4884-B30E-80B5E9D5C598}.Debug|Any CPU.ActiveCfg = Debug|Any CPU
		{09090C84-84D1-4884-B30E-80B5E9D5C598}.Debug|Any CPU.Build.0 = Debug|Any CPU
		{09090C84-84D1-4884-B30E-80B5E9D5C598}.Release|Any CPU.ActiveCfg = Release|Any CPU
		{09090C84-84D1-4884-B30E-80B5E9D5C598}.Release|Any CPU.Build.0 = Release|Any CPU
	EndGlobalSection
	GlobalSection(SolutionProperties) = preSolution
		HideSolutionNode = FALSE
	EndGlobalSection
EndGlobal
